
Microsoft Visual Studio Solution File, Format Version 12.00
# Visual Studio Version 16
VisualStudioVersion = 16.0.30330.147
MinimumVisualStudioVersion = 10.0.40219.1
Project("{FAE04EC0-301F-11D3-BF4B-00C04F79EFBC}") = "DemoWebApp", "DemoWebApp\DemoWebApp.csproj", "{551D5DC9-38F1-44CC-B080-5D30CDACF25A}"
EndProject
Global
	GlobalSection(SolutionConfigurationPlatforms) = preSolution
		Debug|Any CPU = Debug|Any CPU
		Release|Any CPU = Release|Any CPU
	EndGlobalSection
	GlobalSection(ProjectConfigurationPlatforms) = postSolution
		{551D5DC9-38F1-44CC-B080-5D30CDACF25A}.Debug|Any CPU.ActiveCfg = Debug|Any CPU
		{551D5DC9-38F1-44CC-B080-5D30CDACF25A}.Debug|Any CPU.Build.0 = Debug|Any CPU
		{551D5DC9-38F1-44CC-B080-5D30CDACF25A}.Release|Any CPU.ActiveCfg = Release|Any CPU
		{551D5DC9-38F1-44CC-B080-5D30CDACF25A}.Release|Any CPU.Build.0 = Release|Any CPU
	EndGlobalSection
	GlobalSection(SolutionProperties) = preSolution
		HideSolutionNode = FALSE
	EndGlobalSection
	GlobalSection(ExtensibilityGlobals) = postSolution
		SolutionGuid = {56E4C6EC-5EBE-429E-B9E3-37CEEF34577B}
	EndGlobalSection
EndGlobal
